{
  "checksum": "fb6c83b4fc87494d8075b3898d2aa9707bfeed66a4e1ae9b50ed3a49f9dce48f",
  "crates": {
    "direct-cargo-bazel-deps 0.0.1": {
      "name": "direct-cargo-bazel-deps",
      "version": "0.0.1",
      "repository": null,
      "targets": [
        {
          "Library": {
            "crate_name": "direct_cargo_bazel_deps",
            "crate_root": ".direct_cargo_bazel_deps.rs",
            "srcs": {
              "include": [
                "**/*.rs"
              ],
              "exclude": []
            }
          }
        }
      ],
      "library_target_name": "direct_cargo_bazel_deps",
      "common_attrs": {
        "compile_data_glob": [
          "**"
        ],
        "edition": "2018",
        "version": "0.0.1"
      },
      "license": null
    },
    "rust_bin 0.1.0": {
      "name": "rust_bin",
      "version": "0.1.0",
      "repository": null,
      "targets": [
        {
          "Library": {
            "crate_name": "rust_bin",
            "crate_root": "src/lib.rs",
            "srcs": {
              "include": [
                "**/*.rs"
              ],
              "exclude": []
            }
          }
        },
        {
          "Binary": {
            "crate_name": "rust_bin",
            "crate_root": "src/main.rs",
            "srcs": {
              "include": [
                "**/*.rs"
              ],
              "exclude": []
            }
          }
        }
      ],
      "library_target_name": "rust_bin",
      "common_attrs": {
        "compile_data_glob": [
          "**"
        ],
        "edition": "2021",
        "version": "0.1.0"
      },
      "license": null
    }
  },
  "binary_crates": [],
  "workspace_members": {
    "direct-cargo-bazel-deps 0.0.1": "",
    "rust_bin 0.1.0": "rust-bin"
  },
  "conditions": {}
}
